// !$*UTF8*$!
{
	archiveVersion = 1;
	classes = {
	};
	objectVersion = 48;
	objects = {

/* Begin PBXBuildFile section */
		1E87F092201D3D0600663EAC /* AppDelegate.swift in Sources */ = {isa = PBXBuildFile; fileRef = 1E87F091201D3D0600663EAC /* AppDelegate.swift */; };
		1E87F094201D3D0600663EAC /* ViewController.swift in Sources */ = {isa = PBXBuildFile; fileRef = 1E87F093201D3D0600663EAC /* ViewController.swift */; };
		1E87F097201D3D0600663EAC /* Main.storyboard in Resources */ = {isa = PBXBuildFile; fileRef = 1E87F095201D3D0600663EAC /* Main.storyboard */; };
		1E87F099201D3D0600663EAC /* Assets.xcassets in Resources */ = {isa = PBXBuildFile; fileRef = 1E87F098201D3D0600663EAC /* Assets.xcassets */; };
		1E87F09C201D3D0600663EAC /* LaunchScreen.storyboard in Resources */ = {isa = PBXBuildFile; fileRef = 1E87F09A201D3D0600663EAC /* LaunchScreen.storyboard */; };
		389E10352020BF8F00D2B1BA /* Helpers.swift in Sources */ = {isa = PBXBuildFile; fileRef = 389E10342020BF8F00D2B1BA /* Helpers.swift */; };
		389E103D2021F7BA00D2B1BA /* MapItem.swift in Sources */ = {isa = PBXBuildFile; fileRef = 389E103C2021F7BA00D2B1BA /* MapItem.swift */; };
		389E103F2021F89A00D2B1BA /* README.md in Resources */ = {isa = PBXBuildFile; fileRef = 389E103E2021F89A00D2B1BA /* README.md */; };
		38B50CBF20308D5C001F21B7 /* MapItemAnnotationView.swift in Sources */ = {isa = PBXBuildFile; fileRef = 38B50CBE20308D5C001F21B7 /* MapItemAnnotationView.swift */; };
		38B50CC120308D65001F21B7 /* ClusterAnnotationView.swift in Sources */ = {isa = PBXBuildFile; fileRef = 38B50CC020308D65001F21B7 /* ClusterAnnotationView.swift */; };
/* End PBXBuildFile section */

/* Begin PBXFileReference section */
		1E87F08E201D3D0600663EAC /* Treasure.app */ = {isa = PBXFileReference; explicitFileType = wrapper.application; includeInIndex = 0; path = Treasure.app; sourceTree = BUILT_PRODUCTS_DIR; };
		1E87F091201D3D0600663EAC /* AppDelegate.swift */ = {isa = PBXFileReference; lastKnownFileType = sourcecode.swift; path = AppDelegate.swift; sourceTree = "<group>"; };
		1E87F093201D3D0600663EAC /* ViewController.swift */ = {isa = PBXFileReference; lastKnownFileType = sourcecode.swift; path = ViewController.swift; sourceTree = "<group>"; };
		1E87F096201D3D0600663EAC /* Base */ = {isa = PBXFileReference; lastKnownFileType = file.storyboard; name = Base; path = Base.lproj/Main.storyboard; sourceTree = "<group>"; };
		1E87F098201D3D0600663EAC /* Assets.xcassets */ = {isa = PBXFileReference; lastKnownFileType = folder.assetcatalog; path = Assets.xcassets; sourceTree = "<group>"; };
		1E87F09B201D3D0600663EAC /* Base */ = {isa = PBXFileReference; lastKnownFileType = file.storyboard; name = Base; path = Base.lproj/LaunchScreen.storyboard; sourceTree = "<group>"; };
		1E87F09D201D3D0600663EAC /* Info.plist */ = {isa = PBXFileReference; lastKnownFileType = text.plist.xml; path = Info.plist; sourceTree = "<group>"; };
		389E10342020BF8F00D2B1BA /* Helpers.swift */ = {isa = PBXFileReference; lastKnownFileType = sourcecode.swift; path = Helpers.swift; sourceTree = "<group>"; };
		389E103C2021F7BA00D2B1BA /* MapItem.swift */ = {isa = PBXFileReference; lastKnownFileType = sourcecode.swift; path = MapItem.swift; sourceTree = "<group>"; };
		389E103E2021F89A00D2B1BA /* README.md */ = {isa = PBXFileReference; fileEncoding = 4; lastKnownFileType = net.daringfireball.markdown; path = README.md; sourceTree = SOURCE_ROOT; };
		38B50CBE20308D5C001F21B7 /* MapItemAnnotationView.swift */ = {isa = PBXFileReference; lastKnownFileType = sourcecode.swift; path = MapItemAnnotationView.swift; sourceTree = "<group>"; };
		38B50CC020308D65001F21B7 /* ClusterAnnotationView.swift */ = {isa = PBXFileReference; lastKnownFileType = sourcecode.swift; path = ClusterAnnotationView.swift; sourceTree = "<group>"; };
/* End PBXFileReference section */

/* Begin PBXFrameworksBuildPhase section */
		1E87F08B201D3D0600663EAC /* Frameworks */ = {
			isa = PBXFrameworksBuildPhase;
			buildActionMask = 2147483647;
			files = (
			);
			runOnlyForDeploymentPostprocessing = 0;
		};
/* End PBXFrameworksBuildPhase section */

/* Begin PBXGroup section */
		1E87F085201D3D0600663EAC = {
			isa = PBXGroup;
			children = (
				389E103E2021F89A00D2B1BA /* README.md */,
				1E87F090201D3D0600663EAC /* Treasure */,
				1E87F08F201D3D0600663EAC /* Products */,
			);
			sourceTree = "<group>";
		};
		1E87F08F201D3D0600663EAC /* Products */ = {
			isa = PBXGroup;
			children = (
				1E87F08E201D3D0600663EAC /* Treasure.app */,
			);
			name = Products;
			sourceTree = "<group>";
		};
		1E87F090201D3D0600663EAC /* Treasure */ = {
			isa = PBXGroup;
			children = (
				1E87F091201D3D0600663EAC /* AppDelegate.swift */,
				1E87F093201D3D0600663EAC /* ViewController.swift */,
				389E103C2021F7BA00D2B1BA /* MapItem.swift */,
				38B50CBE20308D5C001F21B7 /* MapItemAnnotationView.swift */,
				38B50CC020308D65001F21B7 /* ClusterAnnotationView.swift */,
				389E10342020BF8F00D2B1BA /* Helpers.swift */,
				1E87F095201D3D0600663EAC /* Main.storyboard */,
				1E87F098201D3D0600663EAC /* Assets.xcassets */,
				1E87F09A201D3D0600663EAC /* LaunchScreen.storyboard */,
				1E87F09D201D3D0600663EAC /* Info.plist */,
			);
			path = Treasure;
			sourceTree = "<group>";
		};
/* End PBXGroup section */

/* Begin PBXNativeTarget section */
		1E87F08D201D3D0600663EAC /* Treasure */ = {
			isa = PBXNativeTarget;
			buildConfigurationList = 1E87F0A0201D3D0600663EAC /* Build configuration list for PBXNativeTarget "Treasure" */;
			buildPhases = (
				1E87F08A201D3D0600663EAC /* Sources */,
				1E87F08B201D3D0600663EAC /* Frameworks */,
				1E87F08C201D3D0600663EAC /* Resources */,
			);
			buildRules = (
			);
			dependencies = (
			);
			name = Treasure;
			productName = Treasure;
			productReference = 1E87F08E201D3D0600663EAC /* Treasure.app */;
			productType = "com.apple.product-type.application";
		};
/* End PBXNativeTarget section */

/* Begin PBXProject section */
		1E87F086201D3D0600663EAC /* Project object */ = {
			isa = PBXProject;
			attributes = {
				LastSwiftUpdateCheck = 0920;
				LastUpgradeCheck = 0920;
				ORGANIZATIONNAME = HouseCanary;
				TargetAttributes = {
					1E87F08D201D3D0600663EAC = {
						CreatedOnToolsVersion = 9.2;
						ProvisioningStyle = Automatic;
					};
				};
			};
			buildConfigurationList = 1E87F089201D3D0600663EAC /* Build configuration list for PBXProject "Treasure" */;
			compatibilityVersion = "Xcode 8.0";
			developmentRegion = en;
			hasScannedForEncodings = 0;
			knownRegions = (
				en,
				Base,
			);
			mainGroup = 1E87F085201D3D0600663EAC;
			productRefGroup = 1E87F08F201D3D0600663EAC /* Products */;
			projectDirPath = "";
			projectRoot = "";
			targets = (
				1E87F08D201D3D0600663EAC /* Treasure */,
			);
		};
/* End PBXProject section */

/* Begin PBXResourcesBuildPhase section */
		1E87F08C201D3D0600663EAC /* Resources */ = {
			isa = PBXResourcesBuildPhase;
			buildActionMask = 2147483647;
			files = (
				1E87F09C201D3D0600663EAC /* LaunchScreen.storyboard in Resources */,
				1E87F099201D3D0600663EAC /* Assets.xcassets in Resources */,
				389E103F2021F89A00D2B1BA /* README.md in Resources */,
				1E87F097201D3D0600663EAC /* Main.storyboard in Resources */,
			);
			runOnlyForDeploymentPostprocessing = 0;
		};
/* End PBXResourcesBuildPhase section */

/* Begin PBXSourcesBuildPhase section */
		1E87F08A201D3D0600663EAC /* Sources */ = {
			isa = PBXSourcesBuildPhase;
			buildActionMask = 2147483647;
			files = (
				389E103D2021F7BA00D2B1BA /* MapItem.swift in Sources */,
				1E87F094201D3D0600663EAC /* ViewController.swift in Sources */,
				389E10352020BF8F00D2B1BA /* Helpers.swift in Sources */,
				1E87F092201D3D0600663EAC /* AppDelegate.swift in Sources */,
				38B50CC120308D65001F21B7 /* ClusterAnnotationView.swift in Sources */,
				38B50CBF20308D5C001F21B7 /* MapItemAnnotationView.swift in Sources */,
			);
			runOnlyForDeploymentPostprocessing = 0;
		};
/* End PBXSourcesBuildPhase section */

/* Begin PBXVariantGroup section */
		1E87F095201D3D0600663EAC /* Main.storyboard */ = {
			isa = PBXVariantGroup;
			children = (
				1E87F096201D3D0600663EAC /* Base */,
			);
			name = Main.storyboard;
			sourceTree = "<group>";
		};
		1E87F09A201D3D0600663EAC /* LaunchScreen.storyboard */ = {
			isa = PBXVariantGroup;
			children = (
				1E87F09B201D3D0600663EAC /* Base */,
			);
			name = LaunchScreen.storyboard;
			sourceTree = "<group>";
		};
/* End PBXVariantGroup section */

/* Begin XCBuildConfiguration section */
		1E87F09E201D3D0600663EAC /* Debug */ = {
			isa = XCBuildConfiguration;
			buildSettings = {
				ALWAYS_SEARCH_USER_PATHS = NO;
				CLANG_ANALYZER_NONNULL = YES;
				CLANG_ANALYZER_NUMBER_OBJECT_CONVERSION = YES_AGGRESSIVE;
				CLANG_CXX_LANGUAGE_STANDARD = "gnu++14";
				CLANG_CXX_LIBRARY = "libc++";
				CLANG_ENABLE_MODULES = YES;
				CLANG_ENABLE_OBJC_ARC = YES;
				CLANG_WARN_BLOCK_CAPTURE_AUTORELEASING = YES;
				CLANG_WARN_BOOL_CONVERSION = YES;
				CLANG_WARN_COMMA = YES;
				CLANG_WARN_CONSTANT_CONVERSION = YES;
				CLANG_WARN_DIRECT_OBJC_ISA_USAGE = YES_ERROR;
				CLANG_WARN_DOCUMENTATION_COMMENTS = YES;
				CLANG_WARN_EMPTY_BODY = YES;
				CLANG_WARN_ENUM_CONVERSION = YES;
				CLANG_WARN_INFINITE_RECURSION = YES;
				CLANG_WARN_INT_CONVERSION = YES;
				CLANG_WARN_NON_LITERAL_NULL_CONVERSION = YES;
				CLANG_WARN_OBJC_LITERAL_CONVERSION = YES;
				CLANG_WARN_OBJC_ROOT_CLASS = YES_ERROR;
				CLANG_WARN_RANGE_LOOP_ANALYSIS = YES;
				CLANG_WARN_STRICT_PROTOTYPES = YES;
				CLANG_WARN_SUSPICIOUS_MOVE = YES;
				CLANG_WARN_UNGUARDED_AVAILABILITY = YES_AGGRESSIVE;
				CLANG_WARN_UNREACHABLE_CODE = YES;
				CLANG_WARN__DUPLICATE_METHOD_MATCH = YES;
				CODE_SIGN_IDENTITY = "iPhone Developer";
				COPY_PHASE_STRIP = NO;
				DEBUG_INFORMATION_FORMAT = dwarf;
				ENABLE_STRICT_OBJC_MSGSEND = YES;
				ENABLE_TESTABILITY = YES;
				GCC_C_LANGUAGE_STANDARD = gnu11;
				GCC_DYNAMIC_NO_PIC = NO;
				GCC_NO_COMMON_BLOCKS = YES;
				GCC_OPTIMIZATION_LEVEL = 0;
				GCC_PREPROCESSOR_DEFINITIONS = (
					"DEBUG=1",
					"$(inherited)",
				);
				GCC_WARN_64_TO_32_BIT_CONVERSION = YES;
				GCC_WARN_ABOUT_RETURN_TYPE = YES_ERROR;
				GCC_WARN_UNDECLARED_SELECTOR = YES;
				GCC_WARN_UNINITIALIZED_AUTOS = YES_AGGRESSIVE;
				GCC_WARN_UNUSED_FUNCTION = YES;
				GCC_WARN_UNUSED_VARIABLE = YES;
				IPHONEOS_DEPLOYMENT_TARGET = 11.2;
				MTL_ENABLE_DEBUG_INFO = YES;
				ONLY_ACTIVE_ARCH = YES;
				SDKROOT = iphoneos;
				SWIFT_ACTIVE_COMPILATION_CONDITIONS = DEBUG;
				SWIFT_OPTIMIZATION_LEVEL = "-Onone";
			};
			name = Debug;
		};
		1E87F09F201D3D0600663EAC /* Release */ = {
			isa = XCBuildConfiguration;
			buildSettings = {
				ALWAYS_SEARCH_USER_PATHS = NO;
				CLANG_ANALYZER_NONNULL = YES;
				CLANG_ANALYZER_NUMBER_OBJECT_CONVERSION = YES_AGGRESSIVE;
				CLANG_CXX_LANGUAGE_STANDARD = "gnu++14";
				CLANG_CXX_LIBRARY = "libc++";
				CLANG_ENABLE_MODULES = YES;
				CLANG_ENABLE_OBJC_ARC = YES;
				CLANG_WARN_BLOCK_CAPTURE_AUTORELEASING = YES;
				CLANG_WARN_BOOL_CONVERSION = YES;
				CLANG_WARN_COMMA = YES;
				CLANG_WARN_CONSTANT_CONVERSION = YES;
				CLANG_WARN_DIRECT_OBJC_ISA_USAGE = YES_ERROR;
				CLANG_WARN_DOCUMENTATION_COMMENTS = YES;
				CLANG_WARN_EMPTY_BODY = YES;
				CLANG_WARN_ENUM_CONVERSION = YES;
				CLANG_WARN_INFINITE_RECURSION = YES;
				CLANG_WARN_INT_CONVERSION = YES;
				CLANG_WARN_NON_LITERAL_NULL_CONVERSION = YES;
				CLANG_WARN_OBJC_LITERAL_CONVERSION = YES;
				CLANG_WARN_OBJC_ROOT_CLASS = YES_ERROR;
				CLANG_WARN_RANGE_LOOP_ANALYSIS = YES;
				CLANG_WARN_STRICT_PROTOTYPES = YES;
				CLANG_WARN_SUSPICIOUS_MOVE = YES;
				CLANG_WARN_UNGUARDED_AVAILABILITY = YES_AGGRESSIVE;
				CLANG_WARN_UNREACHABLE_CODE = YES;
				CLANG_WARN__DUPLICATE_METHOD_MATCH = YES;
				CODE_SIGN_IDENTITY = "iPhone Developer";
				COPY_PHASE_STRIP = NO;
				DEBUG_INFORMATION_FORMAT = "dwarf-with-dsym";
				ENABLE_NS_ASSERTIONS = NO;
				ENABLE_STRICT_OBJC_MSGSEND = YES;
				GCC_C_LANGUAGE_STANDARD = gnu11;
				GCC_NO_COMMON_BLOCKS = YES;
				GCC_WARN_64_TO_32_BIT_CONVERSION = YES;
				GCC_WARN_ABOUT_RETURN_TYPE = YES_ERROR;
				GCC_WARN_UNDECLARED_SELECTOR = YES;
				GCC_WARN_UNINITIALIZED_AUTOS = YES_AGGRESSIVE;
				GCC_WARN_UNUSED_FUNCTION = YES;
				GCC_WARN_UNUSED_VARIABLE = YES;
				IPHONEOS_DEPLOYMENT_TARGET = 11.2;
				MTL_ENABLE_DEBUG_INFO = NO;
				SDKROOT = iphoneos;
				SWIFT_OPTIMIZATION_LEVEL = "-Owholemodule";
				VALIDATE_PRODUCT = YES;
			};
			name = Release;
		};
		1E87F0A1201D3D0600663EAC /* Debug */ = {
			isa = XCBuildConfiguration;
			buildSettings = {
				ASSETCATALOG_COMPILER_APPICON_NAME = AppIcon;
				CODE_SIGN_STYLE = Automatic;
				DEVELOPMENT_TEAM = H638JU8LNF;
				INFOPLIST_FILE = Treasure/Info.plist;
				LD_RUNPATH_SEARCH_PATHS = "$(inherited) @executable_path/Frameworks";
				PRODUCT_BUNDLE_IDENTIFIER = com.housecanary.Treasure;
				PRODUCT_NAME = "$(TARGET_NAME)";
				SWIFT_VERSION = 4.0;
				TARGETED_DEVICE_FAMILY = "1,2";
			};
			name = Debug;
		};
		1E87F0A2201D3D0600663EAC /* Release */ = {
			isa = XCBuildConfiguration;
			buildSettings = {
				ASSETCATALOG_COMPILER_APPICON_NAME = AppIcon;
				CODE_SIGN_STYLE = Automatic;
				DEVELOPMENT_TEAM = H638JU8LNF;
				INFOPLIST_FILE = Treasure/Info.plist;
				LD_RUNPATH_SEARCH_PATHS = "$(inherited) @executable_path/Frameworks";
				PRODUCT_BUNDLE_IDENTIFIER = com.housecanary.Treasure;
				PRODUCT_NAME = "$(TARGET_NAME)";
				SWIFT_VERSION = 4.0;
				TARGETED_DEVICE_FAMILY = "1,2";
			};
			name = Release;
		};
/* End XCBuildConfiguration section */

/* Begin XCConfigurationList section */
		1E87F089201D3D0600663EAC /* Build configuration list for PBXProject "Treasure" */ = {
			isa = XCConfigurationList;
			buildConfigurations = (
				1E87F09E201D3D0600663EAC /* Debug */,
				1E87F09F201D3D0600663EAC /* Release */,
			);
			defaultConfigurationIsVisible = 0;
			defaultConfigurationName = Release;
		};
		1E87F0A0201D3D0600663EAC /* Build configuration list for PBXNativeTarget "Treasure" */ = {
			isa = XCConfigurationList;
			buildConfigurations = (
				1E87F0A1201D3D0600663EAC /* Debug */,
				1E87F0A2201D3D0600663EAC /* Release */,
			);
			defaultConfigurationIsVisible = 0;
			defaultConfigurationName = Release;
		};
/* End XCConfigurationList section */
	};
	rootObject = 1E87F086201D3D0600663EAC /* Project object */;
}
